
Microsoft Visual Studio Solution File, Format Version 12.00
# Visual Studio 2012
Project("{FAE04EC0-301F-11D3-BF4B-00C04F79EFBC}") = "NativeAndXamarinFormsSwitching", "NativeAndXamarinFormsSwitching\NativeAndXamarinFormsSwitching.csproj", "{E689597E-86D0-402C-A7D9-354180292A21}"
EndProject
Project("{FAE04EC0-301F-11D3-BF4B-00C04F79EFBC}") = "NativeAndXamarinFormsSwitching.iOS", "iOS\NativeAndXamarinFormsSwitching.iOS.csproj", "{78A113DC-BEC4-4BA7-A847-60618A0B9229}"
EndProject
Project("{FAE04EC0-301F-11D3-BF4B-00C04F79EFBC}") = "NativeAndXamarinFormsSwitching.Droid", "Droid\NativeAndXamarinFormsSwitching.Droid.csproj", "{5E8B0C69-B7C1-4460-B40C-A72D52AC6C7C}"
EndProject
Global
	GlobalSection(SolutionConfigurationPlatforms) = preSolution
		Debug|Any CPU = Debug|Any CPU
		Release|Any CPU = Release|Any CPU
		Debug|iPhoneSimulator = Debug|iPhoneSimulator
		Release|iPhoneSimulator = Release|iPhoneSimulator
		Debug|iPhone = Debug|iPhone
		Release|iPhone = Release|iPhone
		Ad-Hoc|iPhone = Ad-Hoc|iPhone
		AppStore|iPhone = AppStore|iPhone
	EndGlobalSection
	GlobalSection(ProjectConfigurationPlatforms) = postSolution
		{5E8B0C69-B7C1-4460-B40C-A72D52AC6C7C}.Ad-Hoc|iPhone.ActiveCfg = Release|Any CPU
		{5E8B0C69-B7C1-4460-B40C-A72D52AC6C7C}.Ad-Hoc|iPhone.Build.0 = Release|Any CPU
		{5E8B0C69-B7C1-4460-B40C-A72D52AC6C7C}.AppStore|iPhone.ActiveCfg = Release|Any CPU
		{5E8B0C69-B7C1-4460-B40C-A72D52AC6C7C}.AppStore|iPhone.Build.0 = Release|Any CPU
		{5E8B0C69-B7C1-4460-B40C-A72D52AC6C7C}.Debug|Any CPU.ActiveCfg = Debug|Any CPU
		{5E8B0C69-B7C1-4460-B40C-A72D52AC6C7C}.Debug|Any CPU.Build.0 = Debug|Any CPU
		{5E8B0C69-B7C1-4460-B40C-A72D52AC6C7C}.Debug|iPhone.ActiveCfg = Debug|Any CPU
		{5E8B0C69-B7C1-4460-B40C-A72D52AC6C7C}.Debug|iPhone.Build.0 = Debug|Any CPU
		{5E8B0C69-B7C1-4460-B40C-A72D52AC6C7C}.Debug|iPhoneSimulator.ActiveCfg = Debug|Any CPU
		{5E8B0C69-B7C1-4460-B40C-A72D52AC6C7C}.Debug|iPhoneSimulator.Build.0 = Debug|Any CPU
		{5E8B0C69-B7C1-4460-B40C-A72D52AC6C7C}.Release|Any CPU.ActiveCfg = Release|Any CPU
		{5E8B0C69-B7C1-4460-B40C-A72D52AC6C7C}.Release|Any CPU.Build.0 = Release|Any CPU
		{5E8B0C69-B7C1-4460-B40C-A72D52AC6C7C}.Release|iPhone.ActiveCfg = Release|Any CPU
		{5E8B0C69-B7C1-4460-B40C-A72D52AC6C7C}.Release|iPhone.Build.0 = Release|Any CPU
		{5E8B0C69-B7C1-4460-B40C-A72D52AC6C7C}.Release|iPhoneSimulator.ActiveCfg = Release|Any CPU
		{5E8B0C69-B7C1-4460-B40C-A72D52AC6C7C}.Release|iPhoneSimulator.Build.0 = Release|Any CPU
		{78A113DC-BEC4-4BA7-A847-60618A0B9229}.Ad-Hoc|iPhone.ActiveCfg = Ad-Hoc|iPhone
		{78A113DC-BEC4-4BA7-A847-60618A0B9229}.Ad-Hoc|iPhone.Build.0 = Ad-Hoc|iPhone
		{78A113DC-BEC4-4BA7-A847-60618A0B9229}.AppStore|iPhone.ActiveCfg = AppStore|iPhone
		{78A113DC-BEC4-4BA7-A847-60618A0B9229}.AppStore|iPhone.Build.0 = AppStore|iPhone
		{78A113DC-BEC4-4BA7-A847-60618A0B9229}.Debug|Any CPU.ActiveCfg = Debug|iPhoneSimulator
		{78A113DC-BEC4-4BA7-A847-60618A0B9229}.Debug|Any CPU.Build.0 = Debug|iPhoneSimulator
		{78A113DC-BEC4-4BA7-A847-60618A0B9229}.Debug|iPhone.ActiveCfg = Debug|iPhone
		{78A113DC-BEC4-4BA7-A847-60618A0B9229}.Debug|iPhone.Build.0 = Debug|iPhone
		{78A113DC-BEC4-4BA7-A847-60618A0B9229}.Debug|iPhoneSimulator.ActiveCfg = Debug|iPhoneSimulator
		{78A113DC-BEC4-4BA7-A847-60618A0B9229}.Debug|iPhoneSimulator.Build.0 = Debug|iPhoneSimulator
		{78A113DC-BEC4-4BA7-A847-60618A0B9229}.Release|Any CPU.ActiveCfg = Release|iPhoneSimulator
		{78A113DC-BEC4-4BA7-A847-60618A0B9229}.Release|Any CPU.Build.0 = Release|iPhoneSimulator
		{78A113DC-BEC4-4BA7-A847-60618A0B9229}.Release|iPhone.ActiveCfg = Release|iPhone
		{78A113DC-BEC4-4BA7-A847-60618A0B9229}.Release|iPhone.Build.0 = Release|iPhone
		{78A113DC-BEC4-4BA7-A847-60618A0B9229}.Release|iPhoneSimulator.ActiveCfg = Release|iPhoneSimulator
		{78A113DC-BEC4-4BA7-A847-60618A0B9229}.Release|iPhoneSimulator.Build.0 = Release|iPhoneSimulator
		{E689597E-86D0-402C-A7D9-354180292A21}.Ad-Hoc|iPhone.ActiveCfg = Debug|Any CPU
		{E689597E-86D0-402C-A7D9-354180292A21}.Ad-Hoc|iPhone.Build.0 = Debug|Any CPU
		{E689597E-86D0-402C-A7D9-354180292A21}.AppStore|iPhone.ActiveCfg = Debug|Any CPU
		{E689597E-86D0-402C-A7D9-354180292A21}.AppStore|iPhone.Build.0 = Debug|Any CPU
		{E689597E-86D0-402C-A7D9-354180292A21}.Debug|Any CPU.ActiveCfg = Debug|Any CPU
		{E689597E-86D0-402C-A7D9-354180292A21}.Debug|Any CPU.Build.0 = Debug|Any CPU
		{E689597E-86D0-402C-A7D9-354180292A21}.Debug|iPhone.ActiveCfg = Debug|Any CPU
		{E689597E-86D0-402C-A7D9-354180292A21}.Debug|iPhone.Build.0 = Debug|Any CPU
		{E689597E-86D0-402C-A7D9-354180292A21}.Debug|iPhoneSimulator.ActiveCfg = Debug|Any CPU
		{E689597E-86D0-402C-A7D9-354180292A21}.Debug|iPhoneSimulator.Build.0 = Debug|Any CPU
		{E689597E-86D0-402C-A7D9-354180292A21}.Release|Any CPU.ActiveCfg = Release|Any CPU
		{E689597E-86D0-402C-A7D9-354180292A21}.Release|Any CPU.Build.0 = Release|Any CPU
		{E689597E-86D0-402C-A7D9-354180292A21}.Release|iPhone.ActiveCfg = Release|Any CPU
		{E689597E-86D0-402C-A7D9-354180292A21}.Release|iPhone.Build.0 = Release|Any CPU
		{E689597E-86D0-402C-A7D9-354180292A21}.Release|iPhoneSimulator.ActiveCfg = Release|Any CPU
		{E689597E-86D0-402C-A7D9-354180292A21}.Release|iPhoneSimulator.Build.0 = Release|Any CPU
	EndGlobalSection
EndGlobal
